// !$*UTF8*$!
{
	archiveVersion = 1;
	classes = {
	};
	objectVersion = 56;
	objects = {

/* Begin PBXBuildFile section */
		14D87B2F2BBD61B7005A57AF /* QTH_LocatorApp.swift in Sources */ = {isa = PBXBuildFile; fileRef = 14D87B2E2BBD61B7005A57AF /* QTH_LocatorApp.swift */; };
		14D87B312BBD61B7005A57AF /* ContentView.swift in Sources */ = {isa = PBXBuildFile; fileRef = 14D87B302BBD61B7005A57AF /* ContentView.swift */; };
		14D87B332BBD61B9005A57AF /* Assets.xcassets in Resources */ = {isa = PBXBuildFile; fileRef = 14D87B322BBD61B9005A57AF /* Assets.xcassets */; };
		14D87B362BBD61B9005A57AF /* Preview Assets.xcassets in Resources */ = {isa = PBXBuildFile; fileRef = 14D87B352BBD61B9005A57AF /* Preview Assets.xcassets */; };
		14D87B3C2BBD61B9005A57AF /* QTH Locator Watch App.app in Embed Watch Content */ = {isa = PBXBuildFile; fileRef = 14D87B3B2BBD61B9005A57AF /* QTH Locator Watch App.app */; settings = {ATTRIBUTES = (RemoveHeadersOnCopy, ); }; };
		14D87B412BBD61B9005A57AF /* QTH_LocatorApp.swift in Sources */ = {isa = PBXBuildFile; fileRef = 14D87B402BBD61B9005A57AF /* QTH_LocatorApp.swift */; };
		14D87B432BBD61B9005A57AF /* ContentView.swift in Sources */ = {isa = PBXBuildFile; fileRef = 14D87B422BBD61B9005A57AF /* ContentView.swift */; };
		14D87B452BBD61BB005A57AF /* Assets.xcassets in Resources */ = {isa = PBXBuildFile; fileRef = 14D87B442BBD61BB005A57AF /* Assets.xcassets */; };
		14D87B482BBD61BB005A57AF /* Preview Assets.xcassets in Resources */ = {isa = PBXBuildFile; fileRef = 14D87B472BBD61BB005A57AF /* Preview Assets.xcassets */; };
/* End PBXBuildFile section */

/* Begin PBXContainerItemProxy section */
		14D87B3D2BBD61B9005A57AF /* PBXContainerItemProxy */ = {
			isa = PBXContainerItemProxy;
			containerPortal = 14D87B232BBD61B7005A57AF /* Project object */;
			proxyType = 1;
			remoteGlobalIDString = 14D87B3A2BBD61B9005A57AF;
			remoteInfo = "QTH Locator Watch App";
		};
/* End PBXContainerItemProxy section */

/* Begin PBXCopyFilesBuildPhase section */
		14D87B4E2BBD61BB005A57AF /* Embed Watch Content */ = {
			isa = PBXCopyFilesBuildPhase;
			buildActionMask = 2147483647;
			dstPath = "$(CONTENTS_FOLDER_PATH)/Watch";
			dstSubfolderSpec = 16;
			files = (
				14D87B3C2BBD61B9005A57AF /* QTH Locator Watch App.app in Embed Watch Content */,
			);
			name = "Embed Watch Content";
			runOnlyForDeploymentPostprocessing = 0;
		};
/* End PBXCopyFilesBuildPhase section */

/* Begin PBXFileReference section */
		14D87B2B2BBD61B7005A57AF /* QTH Locator.app */ = {isa = PBXFileReference; explicitFileType = wrapper.application; includeInIndex = 0; path = "QTH Locator.app"; sourceTree = BUILT_PRODUCTS_DIR; };
		14D87B2E2BBD61B7005A57AF /* QTH_LocatorApp.swift */ = {isa = PBXFileReference; lastKnownFileType = sourcecode.swift; path = QTH_LocatorApp.swift; sourceTree = "<group>"; };
		14D87B302BBD61B7005A57AF /* ContentView.swift */ = {isa = PBXFileReference; lastKnownFileType = sourcecode.swift; path = ContentView.swift; sourceTree = "<group>"; };
		14D87B322BBD61B9005A57AF /* Assets.xcassets */ = {isa = PBXFileReference; lastKnownFileType = folder.assetcatalog; path = Assets.xcassets; sourceTree = "<group>"; };
		14D87B352BBD61B9005A57AF /* Preview Assets.xcassets */ = {isa = PBXFileReference; lastKnownFileType = folder.assetcatalog; path = "Preview Assets.xcassets"; sourceTree = "<group>"; };
		14D87B3B2BBD61B9005A57AF /* QTH Locator Watch App.app */ = {isa = PBXFileReference; explicitFileType = wrapper.application; includeInIndex = 0; path = "QTH Locator Watch App.app"; sourceTree = BUILT_PRODUCTS_DIR; };
		14D87B402BBD61B9005A57AF /* QTH_LocatorApp.swift */ = {isa = PBXFileReference; lastKnownFileType = sourcecode.swift; path = QTH_LocatorApp.swift; sourceTree = "<group>"; };
		14D87B422BBD61B9005A57AF /* ContentView.swift */ = {isa = PBXFileReference; lastKnownFileType = sourcecode.swift; path = ContentView.swift; sourceTree = "<group>"; };
		14D87B442BBD61BB005A57AF /* Assets.xcassets */ = {isa = PBXFileReference; lastKnownFileType = folder.assetcatalog; path = Assets.xcassets; sourceTree = "<group>"; };
		14D87B472BBD61BB005A57AF /* Preview Assets.xcassets */ = {isa = PBXFileReference; lastKnownFileType = folder.assetcatalog; path = "Preview Assets.xcassets"; sourceTree = "<group>"; };
/* End PBXFileReference section */

/* Begin PBXFrameworksBuildPhase section */
		14D87B282BBD61B7005A57AF /* Frameworks */ = {
			isa = PBXFrameworksBuildPhase;
			buildActionMask = 2147483647;
			files = (
			);
			runOnlyForDeploymentPostprocessing = 0;
		};
		14D87B382BBD61B9005A57AF /* Frameworks */ = {
			isa = PBXFrameworksBuildPhase;
			buildActionMask = 2147483647;
			files = (
			);
			runOnlyForDeploymentPostprocessing = 0;
		};
/* End PBXFrameworksBuildPhase section */

/* Begin PBXGroup section */
		14D87B222BBD61B7005A57AF = {
			isa = PBXGroup;
			children = (
				14D87B2D2BBD61B7005A57AF /* QTH Locator */,
				14D87B3F2BBD61B9005A57AF /* QTH Locator Watch App */,
				14D87B2C2BBD61B7005A57AF /* Products */,
			);
			sourceTree = "<group>";
		};
		14D87B2C2BBD61B7005A57AF /* Products */ = {
			isa = PBXGroup;
			children = (
				14D87B2B2BBD61B7005A57AF /* QTH Locator.app */,
				14D87B3B2BBD61B9005A57AF /* QTH Locator Watch App.app */,
			);
			name = Products;
			sourceTree = "<group>";
		};
		14D87B2D2BBD61B7005A57AF /* QTH Locator */ = {
			isa = PBXGroup;
			children = (
				14D87B2E2BBD61B7005A57AF /* QTH_LocatorApp.swift */,
				14D87B302BBD61B7005A57AF /* ContentView.swift */,
				14D87B322BBD61B9005A57AF /* Assets.xcassets */,
				14D87B342BBD61B9005A57AF /* Preview Content */,
			);
			path = "QTH Locator";
			sourceTree = "<group>";
		};
		14D87B342BBD61B9005A57AF /* Preview Content */ = {
			isa = PBXGroup;
			children = (
				14D87B352BBD61B9005A57AF /* Preview Assets.xcassets */,
			);
			path = "Preview Content";
			sourceTree = "<group>";
		};
		14D87B3F2BBD61B9005A57AF /* QTH Locator Watch App */ = {
			isa = PBXGroup;
			children = (
				14D87B402BBD61B9005A57AF /* QTH_LocatorApp.swift */,
				14D87B422BBD61B9005A57AF /* ContentView.swift */,
				14D87B442BBD61BB005A57AF /* Assets.xcassets */,
				14D87B462BBD61BB005A57AF /* Preview Content */,
			);
			path = "QTH Locator Watch App";
			sourceTree = "<group>";
		};
		14D87B462BBD61BB005A57AF /* Preview Content */ = {
			isa = PBXGroup;
			children = (
				14D87B472BBD61BB005A57AF /* Preview Assets.xcassets */,
			);
			path = "Preview Content";
			sourceTree = "<group>";
		};
/* End PBXGroup section */

/* Begin PBXNativeTarget section */
		14D87B2A2BBD61B7005A57AF /* QTH Locator */ = {
			isa = PBXNativeTarget;
			buildConfigurationList = 14D87B4F2BBD61BB005A57AF /* Build configuration list for PBXNativeTarget "QTH Locator" */;
			buildPhases = (
				14D87B272BBD61B7005A57AF /* Sources */,
				14D87B282BBD61B7005A57AF /* Frameworks */,
				14D87B292BBD61B7005A57AF /* Resources */,
				14D87B4E2BBD61BB005A57AF /* Embed Watch Content */,
			);
			buildRules = (
			);
			dependencies = (
				14D87B3E2BBD61B9005A57AF /* PBXTargetDependency */,
			);
			name = "QTH Locator";
			productName = "QTH Locator";
			productReference = 14D87B2B2BBD61B7005A57AF /* QTH Locator.app */;
			productType = "com.apple.product-type.application";
		};
		14D87B3A2BBD61B9005A57AF /* QTH Locator Watch App */ = {
			isa = PBXNativeTarget;
			buildConfigurationList = 14D87B4B2BBD61BB005A57AF /* Build configuration list for PBXNativeTarget "QTH Locator Watch App" */;
			buildPhases = (
				14D87B372BBD61B9005A57AF /* Sources */,
				14D87B382BBD61B9005A57AF /* Frameworks */,
				14D87B392BBD61B9005A57AF /* Resources */,
			);
			buildRules = (
			);
			dependencies = (
			);
			name = "QTH Locator Watch App";
			productName = "QTH Locator Watch App";
			productReference = 14D87B3B2BBD61B9005A57AF /* QTH Locator Watch App.app */;
			productType = "com.apple.product-type.application";
		};
/* End PBXNativeTarget section */

/* Begin PBXProject section */
		14D87B232BBD61B7005A57AF /* Project object */ = {
			isa = PBXProject;
			attributes = {
				BuildIndependentTargetsInParallel = 1;
				LastSwiftUpdateCheck = 1530;
				LastUpgradeCheck = 1530;
				TargetAttributes = {
					14D87B2A2BBD61B7005A57AF = {
						CreatedOnToolsVersion = 15.3;
					};
					14D87B3A2BBD61B9005A57AF = {
						CreatedOnToolsVersion = 15.3;
					};
				};
			};
			buildConfigurationList = 14D87B262BBD61B7005A57AF /* Build configuration list for PBXProject "QTH Locator" */;
			compatibilityVersion = "Xcode 14.0";
			developmentRegion = en;
			hasScannedForEncodings = 0;
			knownRegions = (
				en,
				Base,
			);
			mainGroup = 14D87B222BBD61B7005A57AF;
			productRefGroup = 14D87B2C2BBD61B7005A57AF /* Products */;
			projectDirPath = "";
			projectRoot = "";
			targets = (
				14D87B2A2BBD61B7005A57AF /* QTH Locator */,
				14D87B3A2BBD61B9005A57AF /* QTH Locator Watch App */,
			);
		};
/* End PBXProject section */

/* Begin PBXResourcesBuildPhase section */
		14D87B292BBD61B7005A57AF /* Resources */ = {
			isa = PBXResourcesBuildPhase;
			buildActionMask = 2147483647;
			files = (
				14D87B362BBD61B9005A57AF /* Preview Assets.xcassets in Resources */,
				14D87B332BBD61B9005A57AF /* Assets.xcassets in Resources */,
			);
			runOnlyForDeploymentPostprocessing = 0;
		};
		14D87B392BBD61B9005A57AF /* Resources */ = {
			isa = PBXResourcesBuildPhase;
			buildActionMask = 2147483647;
			files = (
				14D87B482BBD61BB005A57AF /* Preview Assets.xcassets in Resources */,
				14D87B452BBD61BB005A57AF /* Assets.xcassets in Resources */,
			);
			runOnlyForDeploymentPostprocessing = 0;
		};
/* End PBXResourcesBuildPhase section */

/* Begin PBXSourcesBuildPhase section */
		14D87B272BBD61B7005A57AF /* Sources */ = {
			isa = PBXSourcesBuildPhase;
			buildActionMask = 2147483647;
			files = (
				14D87B312BBD61B7005A57AF /* ContentView.swift in Sources */,
				14D87B2F2BBD61B7005A57AF /* QTH_LocatorApp.swift in Sources */,
			);
			runOnlyForDeploymentPostprocessing = 0;
		};
		14D87B372BBD61B9005A57AF /* Sources */ = {
			isa = PBXSourcesBuildPhase;
			buildActionMask = 2147483647;
			files = (
				14D87B432BBD61B9005A57AF /* ContentView.swift in Sources */,
				14D87B412BBD61B9005A57AF /* QTH_LocatorApp.swift in Sources */,
			);
			runOnlyForDeploymentPostprocessing = 0;
		};
/* End PBXSourcesBuildPhase section */

/* Begin PBXTargetDependency section */
		14D87B3E2BBD61B9005A57AF /* PBXTargetDependency */ = {
			isa = PBXTargetDependency;
			target = 14D87B3A2BBD61B9005A57AF /* QTH Locator Watch App */;
			targetProxy = 14D87B3D2BBD61B9005A57AF /* PBXContainerItemProxy */;
		};
/* End PBXTargetDependency section */

/* Begin XCBuildConfiguration section */
		14D87B492BBD61BB005A57AF /* Debug */ = {
			isa = XCBuildConfiguration;
			buildSettings = {
				ALWAYS_SEARCH_USER_PATHS = NO;
				ASSETCATALOG_COMPILER_GENERATE_SWIFT_ASSET_SYMBOL_EXTENSIONS = YES;
				CLANG_ANALYZER_NONNULL = YES;
				CLANG_ANALYZER_NUMBER_OBJECT_CONVERSION = YES_AGGRESSIVE;
				CLANG_CXX_LANGUAGE_STANDARD = "gnu++20";
				CLANG_ENABLE_MODULES = YES;
				CLANG_ENABLE_OBJC_ARC = YES;
				CLANG_ENABLE_OBJC_WEAK = YES;
				CLANG_WARN_BLOCK_CAPTURE_AUTORELEASING = YES;
				CLANG_WARN_BOOL_CONVERSION = YES;
				CLANG_WARN_COMMA = YES;
				CLANG_WARN_CONSTANT_CONVERSION = YES;
				CLANG_WARN_DEPRECATED_OBJC_IMPLEMENTATIONS = YES;
				CLANG_WARN_DIRECT_OBJC_ISA_USAGE = YES_ERROR;
				CLANG_WARN_DOCUMENTATION_COMMENTS = YES;
				CLANG_WARN_EMPTY_BODY = YES;
				CLANG_WARN_ENUM_CONVERSION = YES;
				CLANG_WARN_INFINITE_RECURSION = YES;
				CLANG_WARN_INT_CONVERSION = YES;
				CLANG_WARN_NON_LITERAL_NULL_CONVERSION = YES;
				CLANG_WARN_OBJC_IMPLICIT_RETAIN_SELF = YES;
				CLANG_WARN_OBJC_LITERAL_CONVERSION = YES;
				CLANG_WARN_OBJC_ROOT_CLASS = YES_ERROR;
				CLANG_WARN_QUOTED_INCLUDE_IN_FRAMEWORK_HEADER = YES;
				CLANG_WARN_RANGE_LOOP_ANALYSIS = YES;
				CLANG_WARN_STRICT_PROTOTYPES = YES;
				CLANG_WARN_SUSPICIOUS_MOVE = YES;
				CLANG_WARN_UNGUARDED_AVAILABILITY = YES_AGGRESSIVE;
				CLANG_WARN_UNREACHABLE_CODE = YES;
				CLANG_WARN__DUPLICATE_METHOD_MATCH = YES;
				COPY_PHASE_STRIP = NO;
				DEBUG_INFORMATION_FORMAT = dwarf;
				ENABLE_STRICT_OBJC_MSGSEND = YES;
				ENABLE_TESTABILITY = YES;
				ENABLE_USER_SCRIPT_SANDBOXING = YES;
				GCC_C_LANGUAGE_STANDARD = gnu17;
				GCC_DYNAMIC_NO_PIC = NO;
				GCC_NO_COMMON_BLOCKS = YES;
				GCC_OPTIMIZATION_LEVEL = 0;
				GCC_PREPROCESSOR_DEFINITIONS = (
					"DEBUG=1",
					"$(inherited)",
				);
				GCC_WARN_64_TO_32_BIT_CONVERSION = YES;
				GCC_WARN_ABOUT_RETURN_TYPE = YES_ERROR;
				GCC_WARN_UNDECLARED_SELECTOR = YES;
				GCC_WARN_UNINITIALIZED_AUTOS = YES_AGGRESSIVE;
				GCC_WARN_UNUSED_FUNCTION = YES;
				GCC_WARN_UNUSED_VARIABLE = YES;
				LOCALIZATION_PREFERS_STRING_CATALOGS = YES;
				MTL_ENABLE_DEBUG_INFO = INCLUDE_SOURCE;
				MTL_FAST_MATH = YES;
				ONLY_ACTIVE_ARCH = YES;
				SWIFT_ACTIVE_COMPILATION_CONDITIONS = "DEBUG $(inherited)";
				SWIFT_OPTIMIZATION_LEVEL = "-Onone";
			};
			name = Debug;
		};
		14D87B4A2BBD61BB005A57AF /* Release */ = {
			isa = XCBuildConfiguration;
			buildSettings = {
				ALWAYS_SEARCH_USER_PATHS = NO;
				ASSETCATALOG_COMPILER_GENERATE_SWIFT_ASSET_SYMBOL_EXTENSIONS = YES;
				CLANG_ANALYZER_NONNULL = YES;
				CLANG_ANALYZER_NUMBER_OBJECT_CONVERSION = YES_AGGRESSIVE;
				CLANG_CXX_LANGUAGE_STANDARD = "gnu++20";
				CLANG_ENABLE_MODULES = YES;
				CLANG_ENABLE_OBJC_ARC = YES;
				CLANG_ENABLE_OBJC_WEAK = YES;
				CLANG_WARN_BLOCK_CAPTURE_AUTORELEASING = YES;
				CLANG_WARN_BOOL_CONVERSION = YES;
				CLANG_WARN_COMMA = YES;
				CLANG_WARN_CONSTANT_CONVERSION = YES;
				CLANG_WARN_DEPRECATED_OBJC_IMPLEMENTATIONS = YES;
				CLANG_WARN_DIRECT_OBJC_ISA_USAGE = YES_ERROR;
				CLANG_WARN_DOCUMENTATION_COMMENTS = YES;
				CLANG_WARN_EMPTY_BODY = YES;
				CLANG_WARN_ENUM_CONVERSION = YES;
				CLANG_WARN_INFINITE_RECURSION = YES;
				CLANG_WARN_INT_CONVERSION = YES;
				CLANG_WARN_NON_LITERAL_NULL_CONVERSION = YES;
				CLANG_WARN_OBJC_IMPLICIT_RETAIN_SELF = YES;
				CLANG_WARN_OBJC_LITERAL_CONVERSION = YES;
				CLANG_WARN_OBJC_ROOT_CLASS = YES_ERROR;
				CLANG_WARN_QUOTED_INCLUDE_IN_FRAMEWORK_HEADER = YES;
				CLANG_WARN_RANGE_LOOP_ANALYSIS = YES;
				CLANG_WARN_STRICT_PROTOTYPES = YES;
				CLANG_WARN_SUSPICIOUS_MOVE = YES;
				CLANG_WARN_UNGUARDED_AVAILABILITY = YES_AGGRESSIVE;
				CLANG_WARN_UNREACHABLE_CODE = YES;
				CLANG_WARN__DUPLICATE_METHOD_MATCH = YES;
				COPY_PHASE_STRIP = NO;
				DEBUG_INFORMATION_FORMAT = "dwarf-with-dsym";
				ENABLE_NS_ASSERTIONS = NO;
				ENABLE_STRICT_OBJC_MSGSEND = YES;
				ENABLE_USER_SCRIPT_SANDBOXING = YES;
				GCC_C_LANGUAGE_STANDARD = gnu17;
				GCC_NO_COMMON_BLOCKS = YES;
				GCC_WARN_64_TO_32_BIT_CONVERSION = YES;
				GCC_WARN_ABOUT_RETURN_TYPE = YES_ERROR;
				GCC_WARN_UNDECLARED_SELECTOR = YES;
				GCC_WARN_UNINITIALIZED_AUTOS = YES_AGGRESSIVE;
				GCC_WARN_UNUSED_FUNCTION = YES;
				GCC_WARN_UNUSED_VARIABLE = YES;
				LOCALIZATION_PREFERS_STRING_CATALOGS = YES;
				MTL_ENABLE_DEBUG_INFO = NO;
				MTL_FAST_MATH = YES;
				SWIFT_COMPILATION_MODE = wholemodule;
			};
			name = Release;
		};
		14D87B4C2BBD61BB005A57AF /* Debug */ = {
			isa = XCBuildConfiguration;
			buildSettings = {
				ASSETCATALOG_COMPILER_APPICON_NAME = AppIcon;
				ASSETCATALOG_COMPILER_GLOBAL_ACCENT_COLOR_NAME = AccentColor;
				CODE_SIGN_STYLE = Automatic;
				CURRENT_PROJECT_VERSION = 1;
				DEVELOPMENT_ASSET_PATHS = "\"QTH Locator Watch App/Preview Content\"";
				DEVELOPMENT_TEAM = MCLAJVAHYS;
				ENABLE_PREVIEWS = YES;
				GENERATE_INFOPLIST_FILE = YES;
				INFOPLIST_KEY_CFBundleDisplayName = "QTH Locator";
				INFOPLIST_KEY_NSLocationWhenInUseUsageDescription = "This app requires access to your location to provide QTH locator.";
				INFOPLIST_KEY_UISupportedInterfaceOrientations = "UIInterfaceOrientationPortrait UIInterfaceOrientationPortraitUpsideDown";
				INFOPLIST_KEY_WKCompanionAppBundleIdentifier = "com.mhajder.QTH-Locator";
				INFOPLIST_KEY_WKRunsIndependentlyOfCompanionApp = YES;
				LD_RUNPATH_SEARCH_PATHS = (
					"$(inherited)",
					"@executable_path/Frameworks",
				);
				MARKETING_VERSION = 1.0;
				PRODUCT_BUNDLE_IDENTIFIER = "com.mhajder.QTH-Locator.watchkitapp";
				PRODUCT_NAME = "$(TARGET_NAME)";
				SDKROOT = watchos;
				SKIP_INSTALL = YES;
				SWIFT_EMIT_LOC_STRINGS = YES;
				SWIFT_VERSION = 5.0;
				TARGETED_DEVICE_FAMILY = 4;
				WATCHOS_DEPLOYMENT_TARGET = 10.0;
			};
			name = Debug;
		};
		14D87B4D2BBD61BB005A57AF /* Release */ = {
			isa = XCBuildConfiguration;
			buildSettings = {
				ASSETCATALOG_COMPILER_APPICON_NAME = AppIcon;
				ASSETCATALOG_COMPILER_GLOBAL_ACCENT_COLOR_NAME = AccentColor;
				CODE_SIGN_STYLE = Automatic;
				CURRENT_PROJECT_VERSION = 1;
				DEVELOPMENT_ASSET_PATHS = "\"QTH Locator Watch App/Preview Content\"";
				DEVELOPMENT_TEAM = MCLAJVAHYS;
				ENABLE_PREVIEWS = YES;
				GENERATE_INFOPLIST_FILE = YES;
				INFOPLIST_KEY_CFBundleDisplayName = "QTH Locator";
				INFOPLIST_KEY_NSLocationWhenInUseUsageDescription = "This app requires access to your location to provide QTH locator.";
				INFOPLIST_KEY_UISupportedInterfaceOrientations = "UIInterfaceOrientationPortrait UIInterfaceOrientationPortraitUpsideDown";
				INFOPLIST_KEY_WKCompanionAppBundleIdentifier = "com.mhajder.QTH-Locator";
				INFOPLIST_KEY_WKRunsIndependentlyOfCompanionApp = YES;
				LD_RUNPATH_SEARCH_PATHS = (
					"$(inherited)",
					"@executable_path/Frameworks",
				);
				MARKETING_VERSION = 1.0;
				PRODUCT_BUNDLE_IDENTIFIER = "com.mhajder.QTH-Locator.watchkitapp";
				PRODUCT_NAME = "$(TARGET_NAME)";
				SDKROOT = watchos;
				SKIP_INSTALL = YES;
				SWIFT_EMIT_LOC_STRINGS = YES;
				SWIFT_VERSION = 5.0;
				TARGETED_DEVICE_FAMILY = 4;
				VALIDATE_PRODUCT = YES;
				WATCHOS_DEPLOYMENT_TARGET = 10.0;
			};
			name = Release;
		};
		14D87B502BBD61BB005A57AF /* Debug */ = {
			isa = XCBuildConfiguration;
			buildSettings = {
				ALWAYS_EMBED_SWIFT_STANDARD_LIBRARIES = YES;
				ASSETCATALOG_COMPILER_APPICON_NAME = AppIcon;
				ASSETCATALOG_COMPILER_GLOBAL_ACCENT_COLOR_NAME = AccentColor;
				CODE_SIGN_STYLE = Automatic;
				CURRENT_PROJECT_VERSION = 1;
				DEVELOPMENT_ASSET_PATHS = "\"QTH Locator/Preview Content\"";
				DEVELOPMENT_TEAM = MCLAJVAHYS;
				ENABLE_PREVIEWS = YES;
				GENERATE_INFOPLIST_FILE = YES;
				INFOPLIST_KEY_CFBundleDisplayName = "QTH Locator";
				INFOPLIST_KEY_LSApplicationCategoryType = "public.app-category.utilities";
				INFOPLIST_KEY_NSLocationWhenInUseUsageDescription = "This app requires access to your location to provide QTH locator.";
				INFOPLIST_KEY_UIApplicationSceneManifest_Generation = YES;
				INFOPLIST_KEY_UIApplicationSupportsIndirectInputEvents = YES;
				INFOPLIST_KEY_UILaunchScreen_Generation = YES;
				INFOPLIST_KEY_UISupportedInterfaceOrientations_iPad = "UIInterfaceOrientationPortrait UIInterfaceOrientationPortraitUpsideDown UIInterfaceOrientationLandscapeLeft UIInterfaceOrientationLandscapeRight";
				INFOPLIST_KEY_UISupportedInterfaceOrientations_iPhone = "UIInterfaceOrientationPortrait UIInterfaceOrientationLandscapeLeft UIInterfaceOrientationLandscapeRight";
				IPHONEOS_DEPLOYMENT_TARGET = 17.0;
				LD_RUNPATH_SEARCH_PATHS = (
					"$(inherited)",
					"@executable_path/Frameworks",
				);
				MARKETING_VERSION = 1.0;
				PRODUCT_BUNDLE_IDENTIFIER = "com.mhajder.QTH-Locator";
				PRODUCT_NAME = "$(TARGET_NAME)";
				SDKROOT = iphoneos;
				SWIFT_EMIT_LOC_STRINGS = YES;
				SWIFT_VERSION = 5.0;
				TARGETED_DEVICE_FAMILY = "1,2";
			};
			name = Debug;
		};
		14D87B512BBD61BB005A57AF /* Release */ = {
			isa = XCBuildConfiguration;
			buildSettings = {
				ALWAYS_EMBED_SWIFT_STANDARD_LIBRARIES = YES;
				ASSETCATALOG_COMPILER_APPICON_NAME = AppIcon;
				ASSETCATALOG_COMPILER_GLOBAL_ACCENT_COLOR_NAME = AccentColor;
				CODE_SIGN_STYLE = Automatic;
				CURRENT_PROJECT_VERSION = 1;
				DEVELOPMENT_ASSET_PATHS = "\"QTH Locator/Preview Content\"";
				DEVELOPMENT_TEAM = MCLAJVAHYS;
				ENABLE_PREVIEWS = YES;
				GENERATE_INFOPLIST_FILE = YES;
				INFOPLIST_KEY_CFBundleDisplayName = "QTH Locator";
				INFOPLIST_KEY_LSApplicationCategoryType = "public.app-category.utilities";
				INFOPLIST_KEY_NSLocationWhenInUseUsageDescription = "This app requires access to your location to provide QTH locator.";
				INFOPLIST_KEY_UIApplicationSceneManifest_Generation = YES;
				INFOPLIST_KEY_UIApplicationSupportsIndirectInputEvents = YES;
				INFOPLIST_KEY_UILaunchScreen_Generation = YES;
				INFOPLIST_KEY_UISupportedInterfaceOrientations_iPad = "UIInterfaceOrientationPortrait UIInterfaceOrientationPortraitUpsideDown UIInterfaceOrientationLandscapeLeft UIInterfaceOrientationLandscapeRight";
				INFOPLIST_KEY_UISupportedInterfaceOrientations_iPhone = "UIInterfaceOrientationPortrait UIInterfaceOrientationLandscapeLeft UIInterfaceOrientationLandscapeRight";
				IPHONEOS_DEPLOYMENT_TARGET = 17.0;
				LD_RUNPATH_SEARCH_PATHS = (
					"$(inherited)",
					"@executable_path/Frameworks",
				);
				MARKETING_VERSION = 1.0;
				PRODUCT_BUNDLE_IDENTIFIER = "com.mhajder.QTH-Locator";
				PRODUCT_NAME = "$(TARGET_NAME)";
				SDKROOT = iphoneos;
				SWIFT_EMIT_LOC_STRINGS = YES;
				SWIFT_VERSION = 5.0;
				TARGETED_DEVICE_FAMILY = "1,2";
				VALIDATE_PRODUCT = YES;
			};
			name = Release;
		};
/* End XCBuildConfiguration section */

/* Begin XCConfigurationList section */
		14D87B262BBD61B7005A57AF /* Build configuration list for PBXProject "QTH Locator" */ = {
			isa = XCConfigurationList;
			buildConfigurations = (
				14D87B492BBD61BB005A57AF /* Debug */,
				14D87B4A2BBD61BB005A57AF /* Release */,
			);
			defaultConfigurationIsVisible = 0;
			defaultConfigurationName = Release;
		};
		14D87B4B2BBD61BB005A57AF /* Build configuration list for PBXNativeTarget "QTH Locator Watch App" */ = {
			isa = XCConfigurationList;
			buildConfigurations = (
				14D87B4C2BBD61BB005A57AF /* Debug */,
				14D87B4D2BBD61BB005A57AF /* Release */,
			);
			defaultConfigurationIsVisible = 0;
			defaultConfigurationName = Release;
		};
		14D87B4F2BBD61BB005A57AF /* Build configuration list for PBXNativeTarget "QTH Locator" */ = {
			isa = XCConfigurationList;
			buildConfigurations = (
				14D87B502BBD61BB005A57AF /* Debug */,
				14D87B512BBD61BB005A57AF /* Release */,
			);
			defaultConfigurationIsVisible = 0;
			defaultConfigurationName = Release;
		};
/* End XCConfigurationList section */
	};
	rootObject = 14D87B232BBD61B7005A57AF /* Project object */;
}
